// !$*UTF8*$!
{
	archiveVersion = 1;
	classes = {
	};
	objectVersion = 46;
	objects = {

/* Begin PBXBuildFile section */
		652F0E401E9388EC00AEE6E5 /* Images.bundle in Resources */ = {isa = PBXBuildFile; fileRef = 652F0E3F1E9388EC00AEE6E5 /* Images.bundle */; };
		652F0E5C1E93989000AEE6E5 /* icontypes.plist in Resources */ = {isa = PBXBuildFile; fileRef = 652F0E5B1E93989000AEE6E5 /* icontypes.plist */; };
		6546FD091E89F69C00280AFD /* AppDelegate.swift in Sources */ = {isa = PBXBuildFile; fileRef = 6546FD081E89F69C00280AFD /* AppDelegate.swift */; };
		6546FD0B1E89F69C00280AFD /* Assets.xcassets in Resources */ = {isa = PBXBuildFile; fileRef = 6546FD0A1E89F69C00280AFD /* Assets.xcassets */; };
		6546FD0E1E89F69C00280AFD /* MainMenu.xib in Resources */ = {isa = PBXBuildFile; fileRef = 6546FD0C1E89F69C00280AFD /* MainMenu.xib */; };
		6546FD191E89F69C00280AFD /* ModifyTests.swift in Sources */ = {isa = PBXBuildFile; fileRef = 6546FD181E89F69C00280AFD /* ModifyTests.swift */; };
		6546FD241E89F69C00280AFD /* ModifyUITests.swift in Sources */ = {isa = PBXBuildFile; fileRef = 6546FD231E89F69C00280AFD /* ModifyUITests.swift */; };
		65EBEF4E1E9DEDB3005E166C /* defaulttypes.plist in Resources */ = {isa = PBXBuildFile; fileRef = 65EBEF4D1E9DEDB3005E166C /* defaulttypes.plist */; };
		65EBEF511E9DF06D005E166C /* DefaultCollectionViewItem.swift in Sources */ = {isa = PBXBuildFile; fileRef = 65EBEF4F1E9DF06D005E166C /* DefaultCollectionViewItem.swift */; };
		65EBEF521E9DF06D005E166C /* DefaultCollectionViewItem.xib in Resources */ = {isa = PBXBuildFile; fileRef = 65EBEF501E9DF06D005E166C /* DefaultCollectionViewItem.xib */; };
		65EBEF561E9DF80C005E166C /* DefaultCollectionViewHeader.swift in Sources */ = {isa = PBXBuildFile; fileRef = 65EBEF551E9DF80C005E166C /* DefaultCollectionViewHeader.swift */; };
		65EBEF581E9DF81A005E166C /* DefaultCollectionViewHeader.xib in Resources */ = {isa = PBXBuildFile; fileRef = 65EBEF571E9DF81A005E166C /* DefaultCollectionViewHeader.xib */; };
		65EBEF5C1E9E1465005E166C /* BaseButton.swift in Sources */ = {isa = PBXBuildFile; fileRef = 65EBEF5A1E9E1465005E166C /* BaseButton.swift */; };
		65EBEF5D1E9E1465005E166C /* DragDropView.swift in Sources */ = {isa = PBXBuildFile; fileRef = 65EBEF5B1E9E1465005E166C /* DragDropView.swift */; };
		65EBEF631E9E146B005E166C /* ArtworkModelsManager.swift in Sources */ = {isa = PBXBuildFile; fileRef = 65EBEF5F1E9E146B005E166C /* ArtworkModelsManager.swift */; };
		65EBEF641E9E146B005E166C /* DefaultModelsManager.swift in Sources */ = {isa = PBXBuildFile; fileRef = 65EBEF601E9E146B005E166C /* DefaultModelsManager.swift */; };
		65EBEF651E9E146B005E166C /* IconsModelsManager.swift in Sources */ = {isa = PBXBuildFile; fileRef = 65EBEF611E9E146B005E166C /* IconsModelsManager.swift */; };
		65EBEF661E9E146B005E166C /* ResourcesManager.swift in Sources */ = {isa = PBXBuildFile; fileRef = 65EBEF621E9E146B005E166C /* ResourcesManager.swift */; };
		65FB40E81E97775300BDC5BA /* IconsViewController.swift in Sources */ = {isa = PBXBuildFile; fileRef = 65FB40DD1E97775300BDC5BA /* IconsViewController.swift */; };
		65FB40E91E97775300BDC5BA /* IconsViewController.xib in Resources */ = {isa = PBXBuildFile; fileRef = 65FB40DE1E97775300BDC5BA /* IconsViewController.xib */; };
		65FB40ED1E97775300BDC5BA /* IconsCollectionHeader.swift in Sources */ = {isa = PBXBuildFile; fileRef = 65FB40E31E97775300BDC5BA /* IconsCollectionHeader.swift */; };
		65FB40EE1E97775300BDC5BA /* IconsCollectionHeader.xib in Resources */ = {isa = PBXBuildFile; fileRef = 65FB40E41E97775300BDC5BA /* IconsCollectionHeader.xib */; };
		65FB40EF1E97775300BDC5BA /* IconsCollectionItem.swift in Sources */ = {isa = PBXBuildFile; fileRef = 65FB40E51E97775300BDC5BA /* IconsCollectionItem.swift */; };
		65FB40F01E97775300BDC5BA /* IconsCollectionItem.xib in Resources */ = {isa = PBXBuildFile; fileRef = 65FB40E61E97775300BDC5BA /* IconsCollectionItem.xib */; };
		65FB40F71E97777800BDC5BA /* ContainerViewController.swift in Sources */ = {isa = PBXBuildFile; fileRef = 65FB40F31E97777800BDC5BA /* ContainerViewController.swift */; };
		65FB40F81E97777800BDC5BA /* ContentViewController.swift in Sources */ = {isa = PBXBuildFile; fileRef = 65FB40F41E97777800BDC5BA /* ContentViewController.swift */; };
		65FB40F91E97777800BDC5BA /* MainWindowController.swift in Sources */ = {isa = PBXBuildFile; fileRef = 65FB40F51E97777800BDC5BA /* MainWindowController.swift */; };
		65FB40FA1E97777800BDC5BA /* MainWindowController.xib in Resources */ = {isa = PBXBuildFile; fileRef = 65FB40F61E97777800BDC5BA /* MainWindowController.xib */; };
		65FB40FF1E9777D400BDC5BA /* ArtworkViewController.swift in Sources */ = {isa = PBXBuildFile; fileRef = 65FB40FD1E9777D400BDC5BA /* ArtworkViewController.swift */; };
		65FB41001E9777D400BDC5BA /* ArtworkViewController.xib in Resources */ = {isa = PBXBuildFile; fileRef = 65FB40FE1E9777D400BDC5BA /* ArtworkViewController.xib */; };
		65FB41051E9777FC00BDC5BA /* DefaultViewController.swift in Sources */ = {isa = PBXBuildFile; fileRef = 65FB41031E9777FC00BDC5BA /* DefaultViewController.swift */; };
		65FB41061E9777FC00BDC5BA /* DefaultViewController.xib in Resources */ = {isa = PBXBuildFile; fileRef = 65FB41041E9777FC00BDC5BA /* DefaultViewController.xib */; };
		65FB410B1E977E9400BDC5BA /* ArtworkCollectionItem.swift in Sources */ = {isa = PBXBuildFile; fileRef = 65FB41091E977E9400BDC5BA /* ArtworkCollectionItem.swift */; };
		65FB410C1E977E9400BDC5BA /* ArtworkCollectionItem.xib in Resources */ = {isa = PBXBuildFile; fileRef = 65FB410A1E977E9400BDC5BA /* ArtworkCollectionItem.xib */; };
/* End PBXBuildFile section */

/* Begin PBXContainerItemProxy section */
		6546FD151E89F69C00280AFD /* PBXContainerItemProxy */ = {
			isa = PBXContainerItemProxy;
			containerPortal = 6546FCFD1E89F69C00280AFD /* Project object */;
			proxyType = 1;
			remoteGlobalIDString = 6546FD041E89F69C00280AFD;
			remoteInfo = Modify;
		};
		6546FD201E89F69C00280AFD /* PBXContainerItemProxy */ = {
			isa = PBXContainerItemProxy;
			containerPortal = 6546FCFD1E89F69C00280AFD /* Project object */;
			proxyType = 1;
			remoteGlobalIDString = 6546FD041E89F69C00280AFD;
			remoteInfo = Modify;
		};
/* End PBXContainerItemProxy section */

/* Begin PBXFileReference section */
		650DF5021E95F72E0065FAC5 /* Modify.entitlements */ = {isa = PBXFileReference; lastKnownFileType = text.plist.entitlements; path = Modify.entitlements; sourceTree = "<group>"; };
		652F0E3F1E9388EC00AEE6E5 /* Images.bundle */ = {isa = PBXFileReference; lastKnownFileType = "wrapper.plug-in"; path = Images.bundle; sourceTree = "<group>"; };
		652F0E5B1E93989000AEE6E5 /* icontypes.plist */ = {isa = PBXFileReference; fileEncoding = 4; lastKnownFileType = text.plist.xml; path = icontypes.plist; sourceTree = "<group>"; };
		6546FD051E89F69C00280AFD /* Modify.app */ = {isa = PBXFileReference; explicitFileType = wrapper.application; includeInIndex = 0; path = Modify.app; sourceTree = BUILT_PRODUCTS_DIR; };
		6546FD081E89F69C00280AFD /* AppDelegate.swift */ = {isa = PBXFileReference; lastKnownFileType = sourcecode.swift; path = AppDelegate.swift; sourceTree = "<group>"; };
		6546FD0A1E89F69C00280AFD /* Assets.xcassets */ = {isa = PBXFileReference; lastKnownFileType = folder.assetcatalog; path = Assets.xcassets; sourceTree = "<group>"; };
		6546FD0D1E89F69C00280AFD /* Base */ = {isa = PBXFileReference; lastKnownFileType = file.xib; name = Base; path = Base.lproj/MainMenu.xib; sourceTree = "<group>"; };
		6546FD0F1E89F69C00280AFD /* Info.plist */ = {isa = PBXFileReference; lastKnownFileType = text.plist.xml; path = Info.plist; sourceTree = "<group>"; };
		6546FD141E89F69C00280AFD /* ModifyTests.xctest */ = {isa = PBXFileReference; explicitFileType = wrapper.cfbundle; includeInIndex = 0; path = ModifyTests.xctest; sourceTree = BUILT_PRODUCTS_DIR; };
		6546FD181E89F69C00280AFD /* ModifyTests.swift */ = {isa = PBXFileReference; lastKnownFileType = sourcecode.swift; path = ModifyTests.swift; sourceTree = "<group>"; };
		6546FD1A1E89F69C00280AFD /* Info.plist */ = {isa = PBXFileReference; lastKnownFileType = text.plist.xml; path = Info.plist; sourceTree = "<group>"; };
		6546FD1F1E89F69C00280AFD /* ModifyUITests.xctest */ = {isa = PBXFileReference; explicitFileType = wrapper.cfbundle; includeInIndex = 0; path = ModifyUITests.xctest; sourceTree = BUILT_PRODUCTS_DIR; };
		6546FD231E89F69C00280AFD /* ModifyUITests.swift */ = {isa = PBXFileReference; lastKnownFileType = sourcecode.swift; path = ModifyUITests.swift; sourceTree = "<group>"; };
		6546FD251E89F69C00280AFD /* Info.plist */ = {isa = PBXFileReference; lastKnownFileType = text.plist.xml; path = Info.plist; sourceTree = "<group>"; };
		65EBEF4D1E9DEDB3005E166C /* defaulttypes.plist */ = {isa = PBXFileReference; fileEncoding = 4; lastKnownFileType = text.plist.xml; path = defaulttypes.plist; sourceTree = "<group>"; };
		65EBEF4F1E9DF06D005E166C /* DefaultCollectionViewItem.swift */ = {isa = PBXFileReference; fileEncoding = 4; lastKnownFileType = sourcecode.swift; path = DefaultCollectionViewItem.swift; sourceTree = "<group>"; };
		65EBEF501E9DF06D005E166C /* DefaultCollectionViewItem.xib */ = {isa = PBXFileReference; fileEncoding = 4; lastKnownFileType = file.xib; path = DefaultCollectionViewItem.xib; sourceTree = "<group>"; };
		65EBEF551E9DF80C005E166C /* DefaultCollectionViewHeader.swift */ = {isa = PBXFileReference; fileEncoding = 4; lastKnownFileType = sourcecode.swift; path = DefaultCollectionViewHeader.swift; sourceTree = "<group>"; };
		65EBEF571E9DF81A005E166C /* DefaultCollectionViewHeader.xib */ = {isa = PBXFileReference; fileEncoding = 4; lastKnownFileType = file.xib; path = DefaultCollectionViewHeader.xib; sourceTree = "<group>"; };
		65EBEF5A1E9E1465005E166C /* BaseButton.swift */ = {isa = PBXFileReference; fileEncoding = 4; lastKnownFileType = sourcecode.swift; path = BaseButton.swift; sourceTree = "<group>"; };
		65EBEF5B1E9E1465005E166C /* DragDropView.swift */ = {isa = PBXFileReference; fileEncoding = 4; lastKnownFileType = sourcecode.swift; path = DragDropView.swift; sourceTree = "<group>"; };
		65EBEF5F1E9E146B005E166C /* ArtworkModelsManager.swift */ = {isa = PBXFileReference; fileEncoding = 4; lastKnownFileType = sourcecode.swift; path = ArtworkModelsManager.swift; sourceTree = "<group>"; };
		65EBEF601E9E146B005E166C /* DefaultModelsManager.swift */ = {isa = PBXFileReference; fileEncoding = 4; lastKnownFileType = sourcecode.swift; path = DefaultModelsManager.swift; sourceTree = "<group>"; };
		65EBEF611E9E146B005E166C /* IconsModelsManager.swift */ = {isa = PBXFileReference; fileEncoding = 4; lastKnownFileType = sourcecode.swift; path = IconsModelsManager.swift; sourceTree = "<group>"; };
		65EBEF621E9E146B005E166C /* ResourcesManager.swift */ = {isa = PBXFileReference; fileEncoding = 4; lastKnownFileType = sourcecode.swift; path = ResourcesManager.swift; sourceTree = "<group>"; };
		65FB40DD1E97775300BDC5BA /* IconsViewController.swift */ = {isa = PBXFileReference; fileEncoding = 4; lastKnownFileType = sourcecode.swift; path = IconsViewController.swift; sourceTree = "<group>"; };
		65FB40DE1E97775300BDC5BA /* IconsViewController.xib */ = {isa = PBXFileReference; fileEncoding = 4; lastKnownFileType = file.xib; path = IconsViewController.xib; sourceTree = "<group>"; };
		65FB40E31E97775300BDC5BA /* IconsCollectionHeader.swift */ = {isa = PBXFileReference; fileEncoding = 4; lastKnownFileType = sourcecode.swift; path = IconsCollectionHeader.swift; sourceTree = "<group>"; };
		65FB40E41E97775300BDC5BA /* IconsCollectionHeader.xib */ = {isa = PBXFileReference; fileEncoding = 4; lastKnownFileType = file.xib; path = IconsCollectionHeader.xib; sourceTree = "<group>"; };
		65FB40E51E97775300BDC5BA /* IconsCollectionItem.swift */ = {isa = PBXFileReference; fileEncoding = 4; lastKnownFileType = sourcecode.swift; path = IconsCollectionItem.swift; sourceTree = "<group>"; };
		65FB40E61E97775300BDC5BA /* IconsCollectionItem.xib */ = {isa = PBXFileReference; fileEncoding = 4; lastKnownFileType = file.xib; path = IconsCollectionItem.xib; sourceTree = "<group>"; };
		65FB40F31E97777800BDC5BA /* ContainerViewController.swift */ = {isa = PBXFileReference; fileEncoding = 4; lastKnownFileType = sourcecode.swift; path = ContainerViewController.swift; sourceTree = "<group>"; };
		65FB40F41E97777800BDC5BA /* ContentViewController.swift */ = {isa = PBXFileReference; fileEncoding = 4; lastKnownFileType = sourcecode.swift; path = ContentViewController.swift; sourceTree = "<group>"; };
		65FB40F51E97777800BDC5BA /* MainWindowController.swift */ = {isa = PBXFileReference; fileEncoding = 4; lastKnownFileType = sourcecode.swift; path = MainWindowController.swift; sourceTree = "<group>"; };
		65FB40F61E97777800BDC5BA /* MainWindowController.xib */ = {isa = PBXFileReference; fileEncoding = 4; lastKnownFileType = file.xib; path = MainWindowController.xib; sourceTree = "<group>"; };
		65FB40FD1E9777D400BDC5BA /* ArtworkViewController.swift */ = {isa = PBXFileReference; fileEncoding = 4; lastKnownFileType = sourcecode.swift; path = ArtworkViewController.swift; sourceTree = "<group>"; };
		65FB40FE1E9777D400BDC5BA /* ArtworkViewController.xib */ = {isa = PBXFileReference; fileEncoding = 4; lastKnownFileType = file.xib; path = ArtworkViewController.xib; sourceTree = "<group>"; };
		65FB41031E9777FC00BDC5BA /* DefaultViewController.swift */ = {isa = PBXFileReference; fileEncoding = 4; lastKnownFileType = sourcecode.swift; path = DefaultViewController.swift; sourceTree = "<group>"; };
		65FB41041E9777FC00BDC5BA /* DefaultViewController.xib */ = {isa = PBXFileReference; fileEncoding = 4; lastKnownFileType = file.xib; path = DefaultViewController.xib; sourceTree = "<group>"; };
		65FB41091E977E9400BDC5BA /* ArtworkCollectionItem.swift */ = {isa = PBXFileReference; fileEncoding = 4; lastKnownFileType = sourcecode.swift; path = ArtworkCollectionItem.swift; sourceTree = "<group>"; };
		65FB410A1E977E9400BDC5BA /* ArtworkCollectionItem.xib */ = {isa = PBXFileReference; fileEncoding = 4; lastKnownFileType = file.xib; path = ArtworkCollectionItem.xib; sourceTree = "<group>"; };
/* End PBXFileReference section */

/* Begin PBXFrameworksBuildPhase section */
		6546FD021E89F69C00280AFD /* Frameworks */ = {
			isa = PBXFrameworksBuildPhase;
			buildActionMask = 2147483647;
			files = (
			);
			runOnlyForDeploymentPostprocessing = 0;
		};
		6546FD111E89F69C00280AFD /* Frameworks */ = {
			isa = PBXFrameworksBuildPhase;
			buildActionMask = 2147483647;
			files = (
			);
			runOnlyForDeploymentPostprocessing = 0;
		};
		6546FD1C1E89F69C00280AFD /* Frameworks */ = {
			isa = PBXFrameworksBuildPhase;
			buildActionMask = 2147483647;
			files = (
			);
			runOnlyForDeploymentPostprocessing = 0;
		};
/* End PBXFrameworksBuildPhase section */

/* Begin PBXGroup section */
		652F0E3E1E9388EC00AEE6E5 /* Resources */ = {
			isa = PBXGroup;
			children = (
				652F0E3F1E9388EC00AEE6E5 /* Images.bundle */,
				652F0E5B1E93989000AEE6E5 /* icontypes.plist */,
				65EBEF4D1E9DEDB3005E166C /* defaulttypes.plist */,
			);
			path = Resources;
			sourceTree = "<group>";
		};
		6546FCFC1E89F69C00280AFD = {
			isa = PBXGroup;
			children = (
				6546FD071E89F69C00280AFD /* Modify */,
				6546FD171E89F69C00280AFD /* ModifyTests */,
				6546FD221E89F69C00280AFD /* ModifyUITests */,
				6546FD061E89F69C00280AFD /* Products */,
			);
			sourceTree = "<group>";
		};
		6546FD061E89F69C00280AFD /* Products */ = {
			isa = PBXGroup;
			children = (
				6546FD051E89F69C00280AFD /* Modify.app */,
				6546FD141E89F69C00280AFD /* ModifyTests.xctest */,
				6546FD1F1E89F69C00280AFD /* ModifyUITests.xctest */,
			);
			name = Products;
			sourceTree = "<group>";
		};
		6546FD071E89F69C00280AFD /* Modify */ = {
			isa = PBXGroup;
			children = (
				650DF5021E95F72E0065FAC5 /* Modify.entitlements */,
				65FB40F21E97777800BDC5BA /* Base */,
				65FB40DB1E97775300BDC5BA /* Icons */,
				65FB40D61E97774D00BDC5BA /* Artwork */,
				65FB40D11E97774500BDC5BA /* Default */,
				652F0E3E1E9388EC00AEE6E5 /* Resources */,
				6546FD081E89F69C00280AFD /* AppDelegate.swift */,
				6546FD0A1E89F69C00280AFD /* Assets.xcassets */,
				6546FD0C1E89F69C00280AFD /* MainMenu.xib */,
				6546FD0F1E89F69C00280AFD /* Info.plist */,
			);
			path = Modify;
			sourceTree = "<group>";
		};
		6546FD171E89F69C00280AFD /* ModifyTests */ = {
			isa = PBXGroup;
			children = (
				6546FD181E89F69C00280AFD /* ModifyTests.swift */,
				6546FD1A1E89F69C00280AFD /* Info.plist */,
			);
			path = ModifyTests;
			sourceTree = "<group>";
		};
		6546FD221E89F69C00280AFD /* ModifyUITests */ = {
			isa = PBXGroup;
			children = (
				6546FD231E89F69C00280AFD /* ModifyUITests.swift */,
				6546FD251E89F69C00280AFD /* Info.plist */,
			);
			path = ModifyUITests;
			sourceTree = "<group>";
		};
		65EBEF591E9E1465005E166C /* View */ = {
			isa = PBXGroup;
			children = (
				65EBEF5A1E9E1465005E166C /* BaseButton.swift */,
				65EBEF5B1E9E1465005E166C /* DragDropView.swift */,
			);
			path = View;
			sourceTree = "<group>";
		};
		65EBEF5E1E9E146B005E166C /* Manager */ = {
			isa = PBXGroup;
			children = (
				65EBEF5F1E9E146B005E166C /* ArtworkModelsManager.swift */,
				65EBEF601E9E146B005E166C /* DefaultModelsManager.swift */,
				65EBEF611E9E146B005E166C /* IconsModelsManager.swift */,
				65EBEF621E9E146B005E166C /* ResourcesManager.swift */,
			);
			path = Manager;
			sourceTree = "<group>";
		};
		65FB40D11E97774500BDC5BA /* Default */ = {
			isa = PBXGroup;
			children = (
				65FB41011E9777FC00BDC5BA /* View */,
				65FB41021E9777FC00BDC5BA /* Controller */,
			);
			path = Default;
			sourceTree = "<group>";
		};
		65FB40D61E97774D00BDC5BA /* Artwork */ = {
			isa = PBXGroup;
			children = (
				65FB40FB1E9777D400BDC5BA /* View */,
				65FB40FC1E9777D400BDC5BA /* Controller */,
			);
			path = Artwork;
			sourceTree = "<group>";
		};
		65FB40DB1E97775300BDC5BA /* Icons */ = {
			isa = PBXGroup;
			children = (
				65FB40DC1E97775300BDC5BA /* Controller */,
				65FB40E01E97775300BDC5BA /* View */,
			);
			path = Icons;
			sourceTree = "<group>";
		};
		65FB40DC1E97775300BDC5BA /* Controller */ = {
			isa = PBXGroup;
			children = (
				65FB40DD1E97775300BDC5BA /* IconsViewController.swift */,
				65FB40DE1E97775300BDC5BA /* IconsViewController.xib */,
			);
			path = Controller;
			sourceTree = "<group>";
		};
		65FB40E01E97775300BDC5BA /* View */ = {
			isa = PBXGroup;
			children = (
				65FB40E31E97775300BDC5BA /* IconsCollectionHeader.swift */,
				65FB40E41E97775300BDC5BA /* IconsCollectionHeader.xib */,
				65FB40E51E97775300BDC5BA /* IconsCollectionItem.swift */,
				65FB40E61E97775300BDC5BA /* IconsCollectionItem.xib */,
			);
			path = View;
			sourceTree = "<group>";
		};
		65FB40F21E97777800BDC5BA /* Base */ = {
			isa = PBXGroup;
			children = (
				65EBEF5E1E9E146B005E166C /* Manager */,
				65EBEF591E9E1465005E166C /* View */,
				65FB40F31E97777800BDC5BA /* ContainerViewController.swift */,
				65FB40F41E97777800BDC5BA /* ContentViewController.swift */,
				65FB40F51E97777800BDC5BA /* MainWindowController.swift */,
				65FB40F61E97777800BDC5BA /* MainWindowController.xib */,
			);
			path = Base;
			sourceTree = "<group>";
		};
		65FB40FB1E9777D400BDC5BA /* View */ = {
			isa = PBXGroup;
			children = (
				65FB41091E977E9400BDC5BA /* ArtworkCollectionItem.swift */,
				65FB410A1E977E9400BDC5BA /* ArtworkCollectionItem.xib */,
			);
			path = View;
			sourceTree = "<group>";
		};
		65FB40FC1E9777D400BDC5BA /* Controller */ = {
			isa = PBXGroup;
			children = (
				65FB40FD1E9777D400BDC5BA /* ArtworkViewController.swift */,
				65FB40FE1E9777D400BDC5BA /* ArtworkViewController.xib */,
			);
			path = Controller;
			sourceTree = "<group>";
		};
		65FB41011E9777FC00BDC5BA /* View */ = {
			isa = PBXGroup;
			children = (
				65EBEF4F1E9DF06D005E166C /* DefaultCollectionViewItem.swift */,
				65EBEF501E9DF06D005E166C /* DefaultCollectionViewItem.xib */,
				65EBEF551E9DF80C005E166C /* DefaultCollectionViewHeader.swift */,
				65EBEF571E9DF81A005E166C /* DefaultCollectionViewHeader.xib */,
			);
			path = View;
			sourceTree = "<group>";
		};
		65FB41021E9777FC00BDC5BA /* Controller */ = {
			isa = PBXGroup;
			children = (
				65FB41031E9777FC00BDC5BA /* DefaultViewController.swift */,
				65FB41041E9777FC00BDC5BA /* DefaultViewController.xib */,
			);
			path = Controller;
			sourceTree = "<group>";
		};
/* End PBXGroup section */

/* Begin PBXNativeTarget section */
		6546FD041E89F69C00280AFD /* Modify */ = {
			isa = PBXNativeTarget;
			buildConfigurationList = 6546FD281E89F69C00280AFD /* Build configuration list for PBXNativeTarget "Modify" */;
			buildPhases = (
				6546FD011E89F69C00280AFD /* Sources */,
				6546FD021E89F69C00280AFD /* Frameworks */,
				6546FD031E89F69C00280AFD /* Resources */,
			);
			buildRules = (
			);
			dependencies = (
			);
			name = Modify;
			productName = Modify;
			productReference = 6546FD051E89F69C00280AFD /* Modify.app */;
			productType = "com.apple.product-type.application";
		};
		6546FD131E89F69C00280AFD /* ModifyTests */ = {
			isa = PBXNativeTarget;
			buildConfigurationList = 6546FD2B1E89F69C00280AFD /* Build configuration list for PBXNativeTarget "ModifyTests" */;
			buildPhases = (
				6546FD101E89F69C00280AFD /* Sources */,
				6546FD111E89F69C00280AFD /* Frameworks */,
				6546FD121E89F69C00280AFD /* Resources */,
			);
			buildRules = (
			);
			dependencies = (
				6546FD161E89F69C00280AFD /* PBXTargetDependency */,
			);
			name = ModifyTests;
			productName = ModifyTests;
			productReference = 6546FD141E89F69C00280AFD /* ModifyTests.xctest */;
			productType = "com.apple.product-type.bundle.unit-test";
		};
		6546FD1E1E89F69C00280AFD /* ModifyUITests */ = {
			isa = PBXNativeTarget;
			buildConfigurationList = 6546FD2E1E89F69C00280AFD /* Build configuration list for PBXNativeTarget "ModifyUITests" */;
			buildPhases = (
				6546FD1B1E89F69C00280AFD /* Sources */,
				6546FD1C1E89F69C00280AFD /* Frameworks */,
				6546FD1D1E89F69C00280AFD /* Resources */,
			);
			buildRules = (
			);
			dependencies = (
				6546FD211E89F69C00280AFD /* PBXTargetDependency */,
			);
			name = ModifyUITests;
			productName = ModifyUITests;
			productReference = 6546FD1F1E89F69C00280AFD /* ModifyUITests.xctest */;
			productType = "com.apple.product-type.bundle.ui-testing";
		};
/* End PBXNativeTarget section */

/* Begin PBXProject section */
		6546FCFD1E89F69C00280AFD /* Project object */ = {
			isa = PBXProject;
			attributes = {
				LastSwiftUpdateCheck = 0810;
				LastUpgradeCheck = 0810;
				ORGANIZATIONNAME = Daniel;
				TargetAttributes = {
					6546FD041E89F69C00280AFD = {
						CreatedOnToolsVersion = 8.1;
						DevelopmentTeam = NW8RX498T2;
						ProvisioningStyle = Automatic;
						SystemCapabilities = {
							com.apple.Sandbox = {
								enabled = 1;
							};
						};
					};
					6546FD131E89F69C00280AFD = {
						CreatedOnToolsVersion = 8.1;
						DevelopmentTeam = NW8RX498T2;
						ProvisioningStyle = Automatic;
						TestTargetID = 6546FD041E89F69C00280AFD;
					};
					6546FD1E1E89F69C00280AFD = {
						CreatedOnToolsVersion = 8.1;
						DevelopmentTeam = NW8RX498T2;
						ProvisioningStyle = Automatic;
						TestTargetID = 6546FD041E89F69C00280AFD;
					};
				};
			};
			buildConfigurationList = 6546FD001E89F69C00280AFD /* Build configuration list for PBXProject "Modify" */;
			compatibilityVersion = "Xcode 3.2";
			developmentRegion = English;
			hasScannedForEncodings = 0;
			knownRegions = (
				English,
				en,
				Base,
			);
			mainGroup = 6546FCFC1E89F69C00280AFD;
			productRefGroup = 6546FD061E89F69C00280AFD /* Products */;
			projectDirPath = "";
			projectRoot = "";
			targets = (
				6546FD041E89F69C00280AFD /* Modify */,
				6546FD131E89F69C00280AFD /* ModifyTests */,
				6546FD1E1E89F69C00280AFD /* ModifyUITests */,
			);
		};
/* End PBXProject section */

/* Begin PBXResourcesBuildPhase section */
		6546FD031E89F69C00280AFD /* Resources */ = {
			isa = PBXResourcesBuildPhase;
			buildActionMask = 2147483647;
			files = (
				65FB41061E9777FC00BDC5BA /* DefaultViewController.xib in Resources */,
				6546FD0B1E89F69C00280AFD /* Assets.xcassets in Resources */,
				652F0E5C1E93989000AEE6E5 /* icontypes.plist in Resources */,
				65FB41001E9777D400BDC5BA /* ArtworkViewController.xib in Resources */,
				65FB410C1E977E9400BDC5BA /* ArtworkCollectionItem.xib in Resources */,
				65FB40EE1E97775300BDC5BA /* IconsCollectionHeader.xib in Resources */,
				65EBEF521E9DF06D005E166C /* DefaultCollectionViewItem.xib in Resources */,
				65EBEF581E9DF81A005E166C /* DefaultCollectionViewHeader.xib in Resources */,
				65EBEF4E1E9DEDB3005E166C /* defaulttypes.plist in Resources */,
				65FB40FA1E97777800BDC5BA /* MainWindowController.xib in Resources */,
				65FB40F01E97775300BDC5BA /* IconsCollectionItem.xib in Resources */,
				652F0E401E9388EC00AEE6E5 /* Images.bundle in Resources */,
				6546FD0E1E89F69C00280AFD /* MainMenu.xib in Resources */,
				65FB40E91E97775300BDC5BA /* IconsViewController.xib in Resources */,
			);
			runOnlyForDeploymentPostprocessing = 0;
		};
		6546FD121E89F69C00280AFD /* Resources */ = {
			isa = PBXResourcesBuildPhase;
			buildActionMask = 2147483647;
			files = (
			);
			runOnlyForDeploymentPostprocessing = 0;
		};
		6546FD1D1E89F69C00280AFD /* Resources */ = {
			isa = PBXResourcesBuildPhase;
			buildActionMask = 2147483647;
			files = (
			);
			runOnlyForDeploymentPostprocessing = 0;
		};
/* End PBXResourcesBuildPhase section */

/* Begin PBXSourcesBuildPhase section */
		6546FD011E89F69C00280AFD /* Sources */ = {
			isa = PBXSourcesBuildPhase;
			buildActionMask = 2147483647;
			files = (
				65EBEF5C1E9E1465005E166C /* BaseButton.swift in Sources */,
				65FB40FF1E9777D400BDC5BA /* ArtworkViewController.swift in Sources */,
				65FB410B1E977E9400BDC5BA /* ArtworkCollectionItem.swift in Sources */,
				65FB40F91E97777800BDC5BA /* MainWindowController.swift in Sources */,
				65EBEF651E9E146B005E166C /* IconsModelsManager.swift in Sources */,
				65FB40F71E97777800BDC5BA /* ContainerViewController.swift in Sources */,
				65EBEF5D1E9E1465005E166C /* DragDropView.swift in Sources */,
				65EBEF511E9DF06D005E166C /* DefaultCollectionViewItem.swift in Sources */,
				65FB40F81E97777800BDC5BA /* ContentViewController.swift in Sources */,
				6546FD091E89F69C00280AFD /* AppDelegate.swift in Sources */,
				65EBEF641E9E146B005E166C /* DefaultModelsManager.swift in Sources */,
				65FB41051E9777FC00BDC5BA /* DefaultViewController.swift in Sources */,
				65EBEF561E9DF80C005E166C /* DefaultCollectionViewHeader.swift in Sources */,
				65EBEF631E9E146B005E166C /* ArtworkModelsManager.swift in Sources */,
				65FB40E81E97775300BDC5BA /* IconsViewController.swift in Sources */,
				65FB40EF1E97775300BDC5BA /* IconsCollectionItem.swift in Sources */,
				65FB40ED1E97775300BDC5BA /* IconsCollectionHeader.swift in Sources */,
				65EBEF661E9E146B005E166C /* ResourcesManager.swift in Sources */,
			);
			runOnlyForDeploymentPostprocessing = 0;
		};
		6546FD101E89F69C00280AFD /* Sources */ = {
			isa = PBXSourcesBuildPhase;
			buildActionMask = 2147483647;
			files = (
				6546FD191E89F69C00280AFD /* ModifyTests.swift in Sources */,
			);
			runOnlyForDeploymentPostprocessing = 0;
		};
		6546FD1B1E89F69C00280AFD /* Sources */ = {
			isa = PBXSourcesBuildPhase;
			buildActionMask = 2147483647;
			files = (
				6546FD241E89F69C00280AFD /* ModifyUITests.swift in Sources */,
			);
			runOnlyForDeploymentPostprocessing = 0;
		};
/* End PBXSourcesBuildPhase section */

/* Begin PBXTargetDependency section */
		6546FD161E89F69C00280AFD /* PBXTargetDependency */ = {
			isa = PBXTargetDependency;
			target = 6546FD041E89F69C00280AFD /* Modify */;
			targetProxy = 6546FD151E89F69C00280AFD /* PBXContainerItemProxy */;
		};
		6546FD211E89F69C00280AFD /* PBXTargetDependency */ = {
			isa = PBXTargetDependency;
			target = 6546FD041E89F69C00280AFD /* Modify */;
			targetProxy = 6546FD201E89F69C00280AFD /* PBXContainerItemProxy */;
		};
/* End PBXTargetDependency section */

/* Begin PBXVariantGroup section */
		6546FD0C1E89F69C00280AFD /* MainMenu.xib */ = {
			isa = PBXVariantGroup;
			children = (
				6546FD0D1E89F69C00280AFD /* Base */,
			);
			name = MainMenu.xib;
			sourceTree = "<group>";
		};
/* End PBXVariantGroup section */

/* Begin XCBuildConfiguration section */
		6546FD261E89F69C00280AFD /* Debug */ = {
			isa = XCBuildConfiguration;
			buildSettings = {
				ALWAYS_SEARCH_USER_PATHS = NO;
				CLANG_ANALYZER_NONNULL = YES;
				CLANG_CXX_LANGUAGE_STANDARD = "gnu++0x";
				CLANG_CXX_LIBRARY = "libc++";
				CLANG_ENABLE_MODULES = YES;
				CLANG_ENABLE_OBJC_ARC = YES;
				CLANG_WARN_BOOL_CONVERSION = YES;
				CLANG_WARN_CONSTANT_CONVERSION = YES;
				CLANG_WARN_DIRECT_OBJC_ISA_USAGE = YES_ERROR;
				CLANG_WARN_DOCUMENTATION_COMMENTS = YES;
				CLANG_WARN_EMPTY_BODY = YES;
				CLANG_WARN_ENUM_CONVERSION = YES;
				CLANG_WARN_INFINITE_RECURSION = YES;
				CLANG_WARN_INT_CONVERSION = YES;
				CLANG_WARN_OBJC_ROOT_CLASS = YES_ERROR;
				CLANG_WARN_SUSPICIOUS_MOVES = YES;
				CLANG_WARN_UNREACHABLE_CODE = YES;
				CLANG_WARN__DUPLICATE_METHOD_MATCH = YES;
				CODE_SIGN_IDENTITY = "-";
				COPY_PHASE_STRIP = NO;
				DEBUG_INFORMATION_FORMAT = dwarf;
				ENABLE_STRICT_OBJC_MSGSEND = YES;
				ENABLE_TESTABILITY = YES;
				GCC_C_LANGUAGE_STANDARD = gnu99;
				GCC_DYNAMIC_NO_PIC = NO;
				GCC_NO_COMMON_BLOCKS = YES;
				GCC_OPTIMIZATION_LEVEL = 0;
				GCC_PREPROCESSOR_DEFINITIONS = (
					"DEBUG=1",
					"$(inherited)",
				);
				GCC_WARN_64_TO_32_BIT_CONVERSION = YES;
				GCC_WARN_ABOUT_RETURN_TYPE = YES_ERROR;
				GCC_WARN_UNDECLARED_SELECTOR = YES;
				GCC_WARN_UNINITIALIZED_AUTOS = YES_AGGRESSIVE;
				GCC_WARN_UNUSED_FUNCTION = YES;
				GCC_WARN_UNUSED_VARIABLE = YES;
				MACOSX_DEPLOYMENT_TARGET = 10.11;
				MTL_ENABLE_DEBUG_INFO = YES;
				ONLY_ACTIVE_ARCH = YES;
				SDKROOT = macosx;
				SWIFT_ACTIVE_COMPILATION_CONDITIONS = DEBUG;
				SWIFT_OPTIMIZATION_LEVEL = "-Onone";
			};
			name = Debug;
		};
		6546FD271E89F69C00280AFD /* Release */ = {
			isa = XCBuildConfiguration;
			buildSettings = {
				ALWAYS_SEARCH_USER_PATHS = NO;
				CLANG_ANALYZER_NONNULL = YES;
				CLANG_CXX_LANGUAGE_STANDARD = "gnu++0x";
				CLANG_CXX_LIBRARY = "libc++";
				CLANG_ENABLE_MODULES = YES;
				CLANG_ENABLE_OBJC_ARC = YES;
				CLANG_WARN_BOOL_CONVERSION = YES;
				CLANG_WARN_CONSTANT_CONVERSION = YES;
				CLANG_WARN_DIRECT_OBJC_ISA_USAGE = YES_ERROR;
				CLANG_WARN_DOCUMENTATION_COMMENTS = YES;
				CLANG_WARN_EMPTY_BODY = YES;
				CLANG_WARN_ENUM_CONVERSION = YES;
				CLANG_WARN_INFINITE_RECURSION = YES;
				CLANG_WARN_INT_CONVERSION = YES;
				CLANG_WARN_OBJC_ROOT_CLASS = YES_ERROR;
				CLANG_WARN_SUSPICIOUS_MOVES = YES;
				CLANG_WARN_UNREACHABLE_CODE = YES;
				CLANG_WARN__DUPLICATE_METHOD_MATCH = YES;
				CODE_SIGN_IDENTITY = "-";
				COPY_PHASE_STRIP = NO;
				DEBUG_INFORMATION_FORMAT = "dwarf-with-dsym";
				ENABLE_NS_ASSERTIONS = NO;
				ENABLE_STRICT_OBJC_MSGSEND = YES;
				GCC_C_LANGUAGE_STANDARD = gnu99;
				GCC_NO_COMMON_BLOCKS = YES;
				GCC_WARN_64_TO_32_BIT_CONVERSION = YES;
				GCC_WARN_ABOUT_RETURN_TYPE = YES_ERROR;
				GCC_WARN_UNDECLARED_SELECTOR = YES;
				GCC_WARN_UNINITIALIZED_AUTOS = YES_AGGRESSIVE;
				GCC_WARN_UNUSED_FUNCTION = YES;
				GCC_WARN_UNUSED_VARIABLE = YES;
				MACOSX_DEPLOYMENT_TARGET = 10.11;
				MTL_ENABLE_DEBUG_INFO = NO;
				SDKROOT = macosx;
				SWIFT_OPTIMIZATION_LEVEL = "-Owholemodule";
			};
			name = Release;
		};
		6546FD291E89F69C00280AFD /* Debug */ = {
			isa = XCBuildConfiguration;
			buildSettings = {
				ASSETCATALOG_COMPILER_APPICON_NAME = AppIcon;
				CODE_SIGN_ENTITLEMENTS = Modify/Modify.entitlements;
				COMBINE_HIDPI_IMAGES = YES;
				DEVELOPMENT_TEAM = NW8RX498T2;
				INFOPLIST_FILE = Modify/Info.plist;
				LD_RUNPATH_SEARCH_PATHS = "$(inherited) @executable_path/../Frameworks";
				MACOSX_DEPLOYMENT_TARGET = 10.11;
				PRODUCT_BUNDLE_IDENTIFIER = yanyinghenmei.Modify;
				PRODUCT_NAME = "$(TARGET_NAME)";
				SWIFT_VERSION = 5.0;
			};
			name = Debug;
		};
		6546FD2A1E89F69C00280AFD /* Release */ = {
			isa = XCBuildConfiguration;
			buildSettings = {
				ASSETCATALOG_COMPILER_APPICON_NAME = AppIcon;
				CODE_SIGN_ENTITLEMENTS = Modify/Modify.entitlements;
				COMBINE_HIDPI_IMAGES = YES;
				DEVELOPMENT_TEAM = NW8RX498T2;
				INFOPLIST_FILE = Modify/Info.plist;
				LD_RUNPATH_SEARCH_PATHS = "$(inherited) @executable_path/../Frameworks";
				MACOSX_DEPLOYMENT_TARGET = 10.11;
				PRODUCT_BUNDLE_IDENTIFIER = yanyinghenmei.Modify;
				PRODUCT_NAME = "$(TARGET_NAME)";
				SWIFT_VERSION = 5.0;
			};
			name = Release;
		};
		6546FD2C1E89F69C00280AFD /* Debug */ = {
			isa = XCBuildConfiguration;
			buildSettings = {
				ALWAYS_EMBED_SWIFT_STANDARD_LIBRARIES = YES;
				BUNDLE_LOADER = "$(TEST_HOST)";
				COMBINE_HIDPI_IMAGES = YES;
				DEVELOPMENT_TEAM = NW8RX498T2;
				INFOPLIST_FILE = ModifyTests/Info.plist;
				LD_RUNPATH_SEARCH_PATHS = "$(inherited) @executable_path/../Frameworks @loader_path/../Frameworks";
				PRODUCT_BUNDLE_IDENTIFIER = demo.ModifyTests;
				PRODUCT_NAME = "$(TARGET_NAME)";
				SWIFT_VERSION = 3.0;
				TEST_HOST = "$(BUILT_PRODUCTS_DIR)/Modify.app/Contents/MacOS/Modify";
			};
			name = Debug;
		};
		6546FD2D1E89F69C00280AFD /* Release */ = {
			isa = XCBuildConfiguration;
			buildSettings = {
				ALWAYS_EMBED_SWIFT_STANDARD_LIBRARIES = YES;
				BUNDLE_LOADER = "$(TEST_HOST)";
				COMBINE_HIDPI_IMAGES = YES;
				DEVELOPMENT_TEAM = NW8RX498T2;
				INFOPLIST_FILE = ModifyTests/Info.plist;
				LD_RUNPATH_SEARCH_PATHS = "$(inherited) @executable_path/../Frameworks @loader_path/../Frameworks";
				PRODUCT_BUNDLE_IDENTIFIER = demo.ModifyTests;
				PRODUCT_NAME = "$(TARGET_NAME)";
				SWIFT_VERSION = 3.0;
				TEST_HOST = "$(BUILT_PRODUCTS_DIR)/Modify.app/Contents/MacOS/Modify";
			};
			name = Release;
		};
		6546FD2F1E89F69C00280AFD /* Debug */ = {
			isa = XCBuildConfiguration;
			buildSettings = {
				ALWAYS_EMBED_SWIFT_STANDARD_LIBRARIES = YES;
				COMBINE_HIDPI_IMAGES = YES;
				DEVELOPMENT_TEAM = NW8RX498T2;
				INFOPLIST_FILE = ModifyUITests/Info.plist;
				LD_RUNPATH_SEARCH_PATHS = "$(inherited) @executable_path/../Frameworks @loader_path/../Frameworks";
				PRODUCT_BUNDLE_IDENTIFIER = demo.ModifyUITests;
				PRODUCT_NAME = "$(TARGET_NAME)";
				SWIFT_VERSION = 3.0;
				TEST_TARGET_NAME = Modify;
			};
			name = Debug;
		};
		6546FD301E89F69C00280AFD /* Release */ = {
			isa = XCBuildConfiguration;
			buildSettings = {
				ALWAYS_EMBED_SWIFT_STANDARD_LIBRARIES = YES;
				COMBINE_HIDPI_IMAGES = YES;
				DEVELOPMENT_TEAM = NW8RX498T2;
				INFOPLIST_FILE = ModifyUITests/Info.plist;
				LD_RUNPATH_SEARCH_PATHS = "$(inherited) @executable_path/../Frameworks @loader_path/../Frameworks";
				PRODUCT_BUNDLE_IDENTIFIER = demo.ModifyUITests;
				PRODUCT_NAME = "$(TARGET_NAME)";
				SWIFT_VERSION = 3.0;
				TEST_TARGET_NAME = Modify;
			};
			name = Release;
		};
/* End XCBuildConfiguration section */

/* Begin XCConfigurationList section */
		6546FD001E89F69C00280AFD /* Build configuration list for PBXProject "Modify" */ = {
			isa = XCConfigurationList;
			buildConfigurations = (
				6546FD261E89F69C00280AFD /* Debug */,
				6546FD271E89F69C00280AFD /* Release */,
			);
			defaultConfigurationIsVisible = 0;
			defaultConfigurationName = Release;
		};
		6546FD281E89F69C00280AFD /* Build configuration list for PBXNativeTarget "Modify" */ = {
			isa = XCConfigurationList;
			buildConfigurations = (
				6546FD291E89F69C00280AFD /* Debug */,
				6546FD2A1E89F69C00280AFD /* Release */,
			);
			defaultConfigurationIsVisible = 0;
			defaultConfigurationName = Release;
		};
		6546FD2B1E89F69C00280AFD /* Build configuration list for PBXNativeTarget "ModifyTests" */ = {
			isa = XCConfigurationList;
			buildConfigurations = (
				6546FD2C1E89F69C00280AFD /* Debug */,
				6546FD2D1E89F69C00280AFD /* Release */,
			);
			defaultConfigurationIsVisible = 0;
			defaultConfigurationName = Release;
		};
		6546FD2E1E89F69C00280AFD /* Build configuration list for PBXNativeTarget "ModifyUITests" */ = {
			isa = XCConfigurationList;
			buildConfigurations = (
				6546FD2F1E89F69C00280AFD /* Debug */,
				6546FD301E89F69C00280AFD /* Release */,
			);
			defaultConfigurationIsVisible = 0;
			defaultConfigurationName = Release;
		};
/* End XCConfigurationList section */
	};
	rootObject = 6546FCFD1E89F69C00280AFD /* Project object */;
}
